
Microsoft Visual Studio Solution File, Format Version 12.00
# Visual Studio Version 17
VisualStudioVersion = 17.2.32505.173
MinimumVisualStudioVersion = 10.0.40219.1
Project("{FAE04EC0-301F-11D3-BF4B-00C04F79EFBC}") = "password", "password\password.csproj", "{48ECB5F6-7C0C-4D49-AAC6-0C32C7ADDA76}"
EndProject
Global
	GlobalSection(SolutionConfigurationPlatforms) = preSolution
		Debug|Any CPU = Debug|Any CPU
		Release|Any CPU = Release|Any CPU
	EndGlobalSection
	GlobalSection(ProjectConfigurationPlatforms) = postSolution
		{48ECB5F6-7C0C-4D49-AAC6-0C32C7ADDA76}.Debug|Any CPU.ActiveCfg = Debug|Any CPU
		{48ECB5F6-7C0C-4D49-AAC6-0C32C7ADDA76}.Debug|Any CPU.Build.0 = Debug|Any CPU
		{48ECB5F6-7C0C-4D49-AAC6-0C32C7ADDA76}.Release|Any CPU.ActiveCfg = Release|Any CPU
		{48ECB5F6-7C0C-4D49-AAC6-0C32C7ADDA76}.Release|Any CPU.Build.0 = Release|Any CPU
	EndGlobalSection
	GlobalSection(SolutionProperties) = preSolution
		HideSolutionNode = FALSE
	EndGlobalSection
	GlobalSection(ExtensibilityGlobals) = postSolution
		SolutionGuid = {A73E5F76-358F-4BBC-A1FB-8B88C149092D}
	EndGlobalSection
EndGlobal
